{
  "version": 4,
  "terraform_version": "1.14.8",
  "serial": 12,
  "lineage": "6c6b1021-0f46-3dba-8e2b-7ad1e30e1f01",
  "outputs": {},
  "resources": [
    {
      "mode": "managed",
      "type": "konnect_gateway_consumer",
      "name": "app1",
      "provider": "provider[\"registry.terraform.io/kong/konnect\"]",
      "instances": [
        {
          "schema_version": 0,
          "attributes": {
            "control_plane_id": "8c585579-93c5-44f3-8d01-50cd45f7d3ff",
            "created_at": 1775813688,
            "custom_id": "test_user",
            "id": "a722fdca-cfa2-4c50-ab11-9a6ccdc3360b",
            "tags": null,
            "updated_at": 1775813688,
            "username": "app1"
          },
          "sensitive_attributes": [],
          "identity_schema_version": 0
        }
      ]
    },
    {
      "mode": "managed",
      "type": "konnect_gateway_key_auth",
      "name": "app1_key",
      "provider": "provider[\"registry.terraform.io/kong/konnect\"]",
      "instances": [
        {
          "schema_version": 0,
          "attributes": {
            "consumer_id": "a722fdca-cfa2-4c50-ab11-9a6ccdc3360b",
            "control_plane_id": "8c585579-93c5-44f3-8d01-50cd45f7d3ff",
            "created_at": 1775813688,
            "id": "b9534e9c-e46d-47e9-b8da-61460aec1fc5",
            "key": "spidermankey",
            "tags": null,
            "ttl": null
          },
          "sensitive_attributes": [
            [
              {
                "type": "get_attr",
                "value": "key"
              }
            ]
          ],
          "identity_schema_version": 0,
          "dependencies": [
            "konnect_gateway_consumer.app1"
          ]
        }
      ]
    },
    {
      "mode": "managed",
      "type": "konnect_gateway_plugin_key_auth",
      "name": "httpbin_api_via_kong_1_keyauth",
      "provider": "provider[\"registry.terraform.io/kong/konnect\"]",
      "instances": [
        {
          "schema_version": 0,
          "attributes": {
            "config": {
              "anonymous": null,
              "hide_credentials": false,
              "identity_realms": [
                {
                  "id": null,
                  "region": null,
                  "scope": "cp"
                }
              ],
              "key_in_body": false,
              "key_in_header": true,
              "key_in_query": true,
              "key_names": [
                "apikey"
              ],
              "realm": null,
              "run_on_preflight": true
            },
            "control_plane_id": "8c585579-93c5-44f3-8d01-50cd45f7d3ff",
            "created_at": 1775813688,
            "enabled": true,
            "id": "bff72dcd-d68a-4f6d-a9c8-a3410a5c01c2",
            "instance_name": null,
            "ordering": null,
            "partials": null,
            "protocols": [
              "grpc",
              "grpcs",
              "http",
              "https",
              "ws",
              "wss"
            ],
            "route": null,
            "service": {
              "id": "649b4707-a5db-4ee3-aff9-c200ee304629"
            },
            "tags": null,
            "updated_at": 1775813688
          },
          "sensitive_attributes": [],
          "identity_schema_version": 0,
          "dependencies": [
            "konnect_gateway_service.httpbin_api_via_kong_1"
          ]
        }
      ]
    },
    {
      "mode": "managed",
      "type": "konnect_gateway_plugin_rate_limiting",
      "name": "httpbin_api_via_kong_1_ratelimit",
      "provider": "provider[\"registry.terraform.io/kong/konnect\"]",
      "instances": [
        {
          "schema_version": 0,
          "attributes": {
            "config": {
              "day": null,
              "error_code": 429,
              "error_message": "API rate limit exceeded",
              "fault_tolerant": true,
              "header_name": null,
              "hide_client_headers": false,
              "hour": null,
              "limit_by": "consumer",
              "minute": 100,
              "month": null,
              "path": null,
              "policy": "local",
              "redis": {
                "cloud_authentication": null,
                "database": 0,
                "host": null,
                "password": null,
                "port": 6379,
                "server_name": null,
                "ssl": false,
                "ssl_verify": false,
                "timeout": 2000,
                "username": null
              },
              "second": null,
              "sync_rate": -1,
              "year": null
            },
            "consumer": null,
            "consumer_group": null,
            "control_plane_id": "8c585579-93c5-44f3-8d01-50cd45f7d3ff",
            "created_at": 1775813688,
            "enabled": true,
            "id": "71aaa2ef-2af8-42c3-aba3-934acdbc6870",
            "instance_name": null,
            "ordering": null,
            "partials": null,
            "protocols": [
              "grpc",
              "grpcs",
              "http",
              "https"
            ],
            "route": null,
            "service": {
              "id": "649b4707-a5db-4ee3-aff9-c200ee304629"
            },
            "tags": null,
            "updated_at": 1775813688
          },
          "sensitive_attributes": [],
          "identity_schema_version": 0,
          "dependencies": [
            "konnect_gateway_service.httpbin_api_via_kong_1"
          ]
        }
      ]
    },
    {
      "mode": "managed",
      "type": "konnect_gateway_route",
      "name": "httpbin_api_via_kong_getanything_1",
      "provider": "provider[\"registry.terraform.io/kong/konnect\"]",
      "instances": [
        {
          "schema_version": 0,
          "attributes": {
            "control_plane_id": "8c585579-93c5-44f3-8d01-50cd45f7d3ff",
            "created_at": 1775813688,
            "destinations": null,
            "headers": null,
            "hosts": null,
            "https_redirect_status_code": 426,
            "id": "d01e7e32-887b-4953-8c5c-a77fa0558a68",
            "methods": [
              "GET"
            ],
            "name": "httpbin-api-via-kong_getanything",
            "path_handling": "v0",
            "paths": [
              "~/anything$"
            ],
            "preserve_host": false,
            "protocols": [
              "http",
              "https"
            ],
            "regex_priority": 0,
            "request_buffering": true,
            "response_buffering": true,
            "service": {
              "id": "649b4707-a5db-4ee3-aff9-c200ee304629"
            },
            "snis": null,
            "sources": null,
            "strip_path": true,
            "tags": null,
            "updated_at": 1775813688
          },
          "sensitive_attributes": [],
          "identity_schema_version": 0,
          "dependencies": [
            "konnect_gateway_service.httpbin_api_via_kong_1"
          ]
        }
      ]
    },
    {
      "mode": "managed",
      "type": "konnect_gateway_service",
      "name": "httpbin_api_via_kong_1",
      "provider": "provider[\"registry.terraform.io/kong/konnect\"]",
      "instances": [
        {
          "schema_version": 0,
          "attributes": {
            "ca_certificates": null,
            "client_certificate": null,
            "connect_timeout": 60000,
            "control_plane_id": "8c585579-93c5-44f3-8d01-50cd45f7d3ff",
            "created_at": 1775813688,
            "enabled": true,
            "host": "httpbin.org",
            "id": "649b4707-a5db-4ee3-aff9-c200ee304629",
            "name": "httpbin-api-via-kong",
            "path": "/",
            "port": 443,
            "protocol": "https",
            "read_timeout": 60000,
            "retries": 5,
            "tags": null,
            "tls_sans": null,
            "tls_verify": null,
            "tls_verify_depth": null,
            "updated_at": 1775813830,
            "write_timeout": 60000
          },
          "sensitive_attributes": [],
          "identity_schema_version": 0
        }
      ]
    }
  ],
  "check_results": null
}
